# This file is autogenerated, do not edit; changes may be undone by the next 'dep ensure'.


[[projects]]
  name = "github.com/codahale/tmpmysqld"
  packages = ["."]
  revision = "64dcbcba51d368e812d485980832e98124e471e9"

[[projects]]
  name = "github.com/gizak/termui"
  packages = ["."]
  revision = "9d0302382ddeed86cbedb11049dcab10f8131d15"

[[projects]]
  name = "github.com/go-sql-driver/mysql"
  packages = ["."]
  revision = "bc14601d1bd56421dd60f561e6052c9ed77f9daf"

[[projects]]
  branch = "master"
  name = "github.com/lib/pq"
  packages = [
    ".",
    "oid",
    "scram"
  ]
  revision = "78223426e7c66d631117c0a9da1b7f3fde4d23a5"

[[projects]]
  name = "github.com/mattn/go-runewidth"
  packages = ["."]
  revision = "3ee7d812e62a0804a7d0a324e0249ca2db3476d3"
  version = "v0.0.4"

[[projects]]
  branch = "master"
  name = "github.com/nsf/termbox-go"
  packages = ["."]
  revision = "eeb6cd0a176293eeb2c69270d83835972e3567bc"

[[projects]]
  name = "golang.org/x/tools"
  packages = [
    "go/exact",
    "go/gcimporter",
    "go/types"
  ]
  revision = "fe1488f8abd7e0eea44f1950dad93a6ff6880a60"

[[projects]]
  name = "google.golang.org/appengine"
  packages = ["cloudsql"]
  revision = "b2f4a3cf3c67576a2ee09e1fe62656a5086ce880"
  version = "v1.6.1"

[solve-meta]
  analyzer-name = "dep"
  analyzer-version = 1
  inputs-digest = "7dab10811818e4cad78dc3c30d89f05fcdfc59bec32cc3d7b911a34a5764cde7"
  solver-name = "gps-cdcl"
  solver-version = 1
